
Microsoft Visual Studio Solution File, Format Version 12.00
# Visual Studio 15
VisualStudioVersion = 15.0.28307.329
MinimumVisualStudioVersion = 10.0.40219.1
Project("{FAE04EC0-301F-11D3-BF4B-00C04F79EFBC}") = "DAL_Library", "DAL_Library\DAL_Library.csproj", "{B86C221A-D662-4EB6-9A58-055F73DD8050}"
EndProject
Project("{FAE04EC0-301F-11D3-BF4B-00C04F79EFBC}") = "UserRepositoryTest", "UserRepositoryTest\UserRepositoryTest.csproj", "{AB4CCA68-3B3F-4D49-8800-6C7B9B7C3E8C}"
EndProject
Project("{00D1A9C2-B5F0-4AF3-8072-F6C62B433612}") = "SiteDB", "SiteDB\SiteDB.sqlproj", "{AB558788-6339-42F4-8BB0-41C42D78CA8E}"
EndProject
Project("{FAE04EC0-301F-11D3-BF4B-00C04F79EFBC}") = "My_WebApp", "My_WebApp\My_WebApp.csproj", "{5F645FB8-60F4-4472-A3CC-77250EF61CB6}"
EndProject
Global
	GlobalSection(SolutionConfigurationPlatforms) = preSolution
		Debug|Any CPU = Debug|Any CPU
		Release|Any CPU = Release|Any CPU
	EndGlobalSection
	GlobalSection(ProjectConfigurationPlatforms) = postSolution
		{B86C221A-D662-4EB6-9A58-055F73DD8050}.Debug|Any CPU.ActiveCfg = Debug|Any CPU
		{B86C221A-D662-4EB6-9A58-055F73DD8050}.Debug|Any CPU.Build.0 = Debug|Any CPU
		{B86C221A-D662-4EB6-9A58-055F73DD8050}.Release|Any CPU.ActiveCfg = Release|Any CPU
		{B86C221A-D662-4EB6-9A58-055F73DD8050}.Release|Any CPU.Build.0 = Release|Any CPU
		{AB4CCA68-3B3F-4D49-8800-6C7B9B7C3E8C}.Debug|Any CPU.ActiveCfg = Debug|Any CPU
		{AB4CCA68-3B3F-4D49-8800-6C7B9B7C3E8C}.Debug|Any CPU.Build.0 = Debug|Any CPU
		{AB4CCA68-3B3F-4D49-8800-6C7B9B7C3E8C}.Release|Any CPU.ActiveCfg = Release|Any CPU
		{AB4CCA68-3B3F-4D49-8800-6C7B9B7C3E8C}.Release|Any CPU.Build.0 = Release|Any CPU
		{AB558788-6339-42F4-8BB0-41C42D78CA8E}.Debug|Any CPU.ActiveCfg = Debug|Any CPU
		{AB558788-6339-42F4-8BB0-41C42D78CA8E}.Debug|Any CPU.Build.0 = Debug|Any CPU
		{AB558788-6339-42F4-8BB0-41C42D78CA8E}.Debug|Any CPU.Deploy.0 = Debug|Any CPU
		{AB558788-6339-42F4-8BB0-41C42D78CA8E}.Release|Any CPU.ActiveCfg = Release|Any CPU
		{AB558788-6339-42F4-8BB0-41C42D78CA8E}.Release|Any CPU.Build.0 = Release|Any CPU
		{AB558788-6339-42F4-8BB0-41C42D78CA8E}.Release|Any CPU.Deploy.0 = Release|Any CPU
		{5F645FB8-60F4-4472-A3CC-77250EF61CB6}.Debug|Any CPU.ActiveCfg = Debug|Any CPU
		{5F645FB8-60F4-4472-A3CC-77250EF61CB6}.Debug|Any CPU.Build.0 = Debug|Any CPU
		{5F645FB8-60F4-4472-A3CC-77250EF61CB6}.Release|Any CPU.ActiveCfg = Release|Any CPU
		{5F645FB8-60F4-4472-A3CC-77250EF61CB6}.Release|Any CPU.Build.0 = Release|Any CPU
	EndGlobalSection
	GlobalSection(SolutionProperties) = preSolution
		HideSolutionNode = FALSE
	EndGlobalSection
	GlobalSection(ExtensibilityGlobals) = postSolution
		SolutionGuid = {38CA0AC6-B898-4E69-9D5A-E195CC380227}
	EndGlobalSection
EndGlobal
